dependencies:
- name: promtail
  repository: https://grafana.github.io/helm-charts
  version: 6.11.0
- name: grafana
  repository: https://grafana.github.io/helm-charts
  version: 6.56.0
- name: telegraf-ds
  repository: https://helm.influxdata.com/
  version: 1.1.9
digest: sha256:a9b484089ea144b5ff4f1c6eb2270723eb36092604f33b5a34c25bd3abb522af
generated: "2023-04-29T18:21:08.601826+02:00"
